
Microsoft Visual Studio Solution File, Format Version 12.00
# Visual Studio Version 17
VisualStudioVersion = 17.5.33530.505
MinimumVisualStudioVersion = 10.0.40219.1
Project("{9A19103F-16F7-4668-BE54-9A1E7A4F7556}") = "DiscordRPGBot", "DiscordRPGBot\DiscordRPGBot.csproj", "{1E48C869-407E-4C5A-8D07-68BFD1D0899D}"
EndProject
Project("{9A19103F-16F7-4668-BE54-9A1E7A4F7556}") = "DiscordRPGBot.Domain", "DiscordRPGBot.Domain\DiscordRPGBot.Domain.csproj", "{40635980-2BC2-46DB-97FE-8AE84A30D5DA}"
EndProject
Project("{2150E333-8FDC-42A3-9474-1A3956D46DE8}") = "Domain", "Domain", "{F5488D29-9598-4898-B1E5-53F7FC8C0E3D}"
EndProject
Project("{2150E333-8FDC-42A3-9474-1A3956D46DE8}") = "ConsoleApp", "ConsoleApp", "{EA65EBB1-AA92-486D-AC81-C63405899B22}"
EndProject
Project("{2150E333-8FDC-42A3-9474-1A3956D46DE8}") = "Infra", "Infra", "{D6B94755-B3BB-40AC-A346-000065223EC5}"
EndProject
Project("{9A19103F-16F7-4668-BE54-9A1E7A4F7556}") = "DiscordRPGBot.Infra", "DiscordRPGBot.Infra\DiscordRPGBot.Infra.csproj", "{0614DC45-17E3-4CD1-B50F-3469E82399F9}"
EndProject
Project("{2150E333-8FDC-42A3-9474-1A3956D46DE8}") = "Aplication", "Aplication", "{446FB2E8-1EBA-4E8B-A935-1148835AD58D}"
EndProject
Project("{FAE04EC0-301F-11D3-BF4B-00C04F79EFBC}") = "DiscordRPGBot.Aplication", "DiscordRPGBot.Aplication\DiscordRPGBot.Aplication.csproj", "{0DC49E95-4E88-4765-9A29-E53B789ED3E5}"
EndProject
Global
	GlobalSection(SolutionConfigurationPlatforms) = preSolution
		Debug|Any CPU = Debug|Any CPU
		Release|Any CPU = Release|Any CPU
	EndGlobalSection
	GlobalSection(ProjectConfigurationPlatforms) = postSolution
		{1E48C869-407E-4C5A-8D07-68BFD1D0899D}.Debug|Any CPU.ActiveCfg = Debug|Any CPU
		{1E48C869-407E-4C5A-8D07-68BFD1D0899D}.Debug|Any CPU.Build.0 = Debug|Any CPU
		{1E48C869-407E-4C5A-8D07-68BFD1D0899D}.Release|Any CPU.ActiveCfg = Release|Any CPU
		{1E48C869-407E-4C5A-8D07-68BFD1D0899D}.Release|Any CPU.Build.0 = Release|Any CPU
		{40635980-2BC2-46DB-97FE-8AE84A30D5DA}.Debug|Any CPU.ActiveCfg = Debug|Any CPU
		{40635980-2BC2-46DB-97FE-8AE84A30D5DA}.Debug|Any CPU.Build.0 = Debug|Any CPU
		{40635980-2BC2-46DB-97FE-8AE84A30D5DA}.Release|Any CPU.ActiveCfg = Release|Any CPU
		{40635980-2BC2-46DB-97FE-8AE84A30D5DA}.Release|Any CPU.Build.0 = Release|Any CPU
		{0614DC45-17E3-4CD1-B50F-3469E82399F9}.Debug|Any CPU.ActiveCfg = Debug|Any CPU
		{0614DC45-17E3-4CD1-B50F-3469E82399F9}.Debug|Any CPU.Build.0 = Debug|Any CPU
		{0614DC45-17E3-4CD1-B50F-3469E82399F9}.Release|Any CPU.ActiveCfg = Release|Any CPU
		{0614DC45-17E3-4CD1-B50F-3469E82399F9}.Release|Any CPU.Build.0 = Release|Any CPU
		{0DC49E95-4E88-4765-9A29-E53B789ED3E5}.Debug|Any CPU.ActiveCfg = Debug|Any CPU
		{0DC49E95-4E88-4765-9A29-E53B789ED3E5}.Debug|Any CPU.Build.0 = Debug|Any CPU
		{0DC49E95-4E88-4765-9A29-E53B789ED3E5}.Release|Any CPU.ActiveCfg = Release|Any CPU
		{0DC49E95-4E88-4765-9A29-E53B789ED3E5}.Release|Any CPU.Build.0 = Release|Any CPU
	EndGlobalSection
	GlobalSection(SolutionProperties) = preSolution
		HideSolutionNode = FALSE
	EndGlobalSection
	GlobalSection(NestedProjects) = preSolution
		{1E48C869-407E-4C5A-8D07-68BFD1D0899D} = {EA65EBB1-AA92-486D-AC81-C63405899B22}
		{40635980-2BC2-46DB-97FE-8AE84A30D5DA} = {F5488D29-9598-4898-B1E5-53F7FC8C0E3D}
		{0614DC45-17E3-4CD1-B50F-3469E82399F9} = {D6B94755-B3BB-40AC-A346-000065223EC5}
		{0DC49E95-4E88-4765-9A29-E53B789ED3E5} = {446FB2E8-1EBA-4E8B-A935-1148835AD58D}
	EndGlobalSection
	GlobalSection(ExtensibilityGlobals) = postSolution
		SolutionGuid = {900CB805-0A01-42AE-BCF6-9E55F81D9A33}
	EndGlobalSection
EndGlobal
